{
  "version": "2",
  "remote": {
    "https://deno.land/std@0.152.0/_util/assert.ts": "e94f2eb37cebd7f199952e242c77654e43333c1ac4c5c700e929ea3aa5489f74",
    "https://deno.land/std@0.152.0/_util/os.ts": "3b4c6e27febd119d36a416d7a97bd3b0251b77c88942c8f16ee5953ea13e2e49",
    "https://deno.land/std@0.152.0/async/deferred.ts": "bc18e28108252c9f67dfca2bbc4587c3cbf3aeb6e155f8c864ca8ecff992b98a",
    "https://deno.land/std@0.152.0/bytes/bytes_list.ts": "aba5e2369e77d426b10af1de0dcc4531acecec27f9b9056f4f7bfbf8ac147ab4",
    "https://deno.land/std@0.152.0/bytes/equals.ts": "3c3558c3ae85526f84510aa2b48ab2ad7bdd899e2e0f5b7a8ffc85acb3a6043a",
    "https://deno.land/std@0.152.0/bytes/mod.ts": "763f97d33051cc3f28af1a688dfe2830841192a9fea0cbaa55f927b49d49d0bf",
    "https://deno.land/std@0.152.0/crypto/timing_safe_equal.ts": "82a29b737bc8932d75d7a20c404136089d5d23629e94ba14efa98a8cc066c73e",
    "https://deno.land/std@0.152.0/encoding/base64.ts": "c57868ca7fa2fbe919f57f88a623ad34e3d970d675bdc1ff3a9d02bba7409db2",
    "https://deno.land/std@0.152.0/fmt/colors.ts": "6f9340b7fb8cc25a993a99e5efc56fe81bb5af284ff412129dd06df06f53c0b4",
    "https://deno.land/std@0.152.0/http/_negotiation/common.ts": "410e902f01cdd324e4746e8017595be4fc357d6fc4cd6044f2f808a943d7eaf7",
    "https://deno.land/std@0.152.0/http/_negotiation/encoding.ts": "f749c1d539d139af783e8a7741de5a47a98a5e3c9af82b8af512567ccf5fe632",
    "https://deno.land/std@0.152.0/http/_negotiation/language.ts": "53c306186904d2dace4c624a8822542866ad332a7f40ac90e0af1504f95c63d0",
    "https://deno.land/std@0.152.0/http/_negotiation/media_type.ts": "ecdda87286495f7ff25116858f5088856953e2f1585e593d314e0c71b826a137",
    "https://deno.land/std@0.152.0/http/http_errors.ts": "fe9b7f95f7ee0592c3306f8c7aed03ba53d55d1ef81e00041c1171b9588f46d9",
    "https://deno.land/std@0.152.0/http/http_status.ts": "897575a7d6bc2b9123f6a38ecbc0f03d95a532c5d92029315dc9f508e12526b8",
    "https://deno.land/std@0.152.0/http/negotiation.ts": "f35b1ff2ad4ff9feaa00ac234960b398172768205c8eceaef7f2eafe34716ba2",
    "https://deno.land/std@0.152.0/io/buffer.ts": "bd0c4bf53db4b4be916ca5963e454bddfd3fcd45039041ea161dbf826817822b",
    "https://deno.land/std@0.152.0/io/readers.ts": "45847ad404afd2f605eae1cff193f223462bc55eeb9ae313c2f3db28aada0fd6",
    "https://deno.land/std@0.152.0/io/types.d.ts": "0cae3a62da7a37043661746c65c021058bae020b54e50c0e774916e5d4baee43",
    "https://deno.land/std@0.152.0/media_types/_util.ts": "ce9b4fc4ba1c447dafab619055e20fd88236ca6bdd7834a21f98bd193c3fbfa1",
    "https://deno.land/std@0.152.0/media_types/mod.ts": "3829264ca0610cac40f3214f939d7733483523f82bc1041c51045d7c75fb93b8",
    "https://deno.land/std@0.152.0/media_types/vendor/mime-db.v1.52.0.ts": "724cee25fa40f1a52d3937d6b4fbbfdd7791ff55e1b7ac08d9319d5632c7f5af",
    "https://deno.land/std@0.152.0/path/_constants.ts": "df1db3ffa6dd6d1252cc9617e5d72165cd2483df90e93833e13580687b6083c3",
    "https://deno.land/std@0.152.0/path/_interface.ts": "ee3b431a336b80cf445441109d089b70d87d5e248f4f90ff906820889ecf8d09",
    "https://deno.land/std@0.152.0/path/_util.ts": "c1e9686d0164e29f7d880b2158971d805b6e0efc3110d0b3e24e4b8af2190d2b",
    "https://deno.land/std@0.152.0/path/common.ts": "bee563630abd2d97f99d83c96c2fa0cca7cee103e8cb4e7699ec4d5db7bd2633",
    "https://deno.land/std@0.152.0/path/glob.ts": "cb5255638de1048973c3e69e420c77dc04f75755524cb3b2e160fe9277d939ee",
    "https://deno.land/std@0.152.0/path/mod.ts": "56fec03ad0ebd61b6ab39ddb9b0ddb4c4a5c9f2f4f632e09dd37ec9ebfd722ac",
    "https://deno.land/std@0.152.0/path/posix.ts": "c1f7afe274290ea0b51da07ee205653b2964bd74909a82deb07b69a6cc383aaa",
    "https://deno.land/std@0.152.0/path/separator.ts": "fe1816cb765a8068afb3e8f13ad272351c85cbc739af56dacfc7d93d710fe0f9",
    "https://deno.land/std@0.152.0/path/win32.ts": "bd7549042e37879c68ff2f8576a25950abbfca1d696d41d82c7bca0b7e6f452c",
    "https://deno.land/std@0.152.0/streams/conversion.ts": "fc3db02026183da795fa32ac7549868e9f19c75ba029d4b4c3739af62b48517a",
    "https://deno.land/std@0.152.0/testing/_diff.ts": "029a00560b0d534bc0046f1bce4bd36b3b41ada3f2a3178c85686eb2ff5f1413",
    "https://deno.land/std@0.152.0/testing/_format.ts": "0d8dc79eab15b67cdc532826213bbe05bccfd276ca473a50a3fc7bbfb7260642",
    "https://deno.land/std@0.152.0/testing/asserts.ts": "093735c88f52bbead7f60a1f7a97a2ce4df3c2d5fab00a46956f20b4a5793ccd",
    "https://deno.land/std@0.165.0/_util/asserts.ts": "d0844e9b62510f89ce1f9878b046f6a57bf88f208a10304aab50efcb48365272",
    "https://deno.land/std@0.165.0/_util/os.ts": "8a33345f74990e627b9dfe2de9b040004b08ea5146c7c9e8fe9a29070d193934",
    "https://deno.land/std@0.165.0/bytes/equals.ts": "3c3558c3ae85526f84510aa2b48ab2ad7bdd899e2e0f5b7a8ffc85acb3a6043a",
    "https://deno.land/std@0.165.0/bytes/mod.ts": "b2e342fd3669176a27a4e15061e9d588b89c1aaf5008ab71766e23669565d179",
    "https://deno.land/std@0.165.0/encoding/base64.ts": "c57868ca7fa2fbe919f57f88a623ad34e3d970d675bdc1ff3a9d02bba7409db2",
    "https://deno.land/std@0.165.0/encoding/base64url.ts": "a5f82a9fa703bd85a5eb8e7c1296bc6529e601ebd9642cc2b5eaa6b38fa9e05a",
    "https://deno.land/std@0.165.0/node/_utils.ts": "1085a229e910b3a6672f3c3be05507591811dc67be2ae2188e9fc9ef4376b172",
    "https://deno.land/std@0.165.0/node/buffer.ts": "43f07b2d1523345bf35b7deb7fcdad6e916020a631a7bc1b5efcaff556db4e1d",
    "https://deno.land/std@0.165.0/node/internal/buffer.d.ts": "90f674081428a61978b6d481c5f557ff743a3f4a85d7ae113caab48fdf5b8a63",
    "https://deno.land/std@0.165.0/node/internal/buffer.mjs": "70b74b34f1617b3492aee6dec35c7bdabbf26e034bfcf640aa61b3d63c5c850f",
    "https://deno.land/std@0.165.0/node/internal/crypto/_keys.ts": "63229ff3d8d15b5bd0a1d2ebc19313cbb8ac969875bf16df1ce4f2b497d74fb5",
    "https://deno.land/std@0.165.0/node/internal/crypto/constants.ts": "d2c8821977aef55e4d66414d623c24a2447791a8b49b6404b8db32d81e20c315",
    "https://deno.land/std@0.165.0/node/internal/error_codes.ts": "ac03c4eae33de3a69d6c98e8678003207eecf75a6900eb847e3fea3c8c9e6d8f",
    "https://deno.land/std@0.165.0/node/internal/errors.ts": "b9aec7d1fe3eaf21322d0ea9dc2fcb344055d6b0c7a1bd0f62a0c379a5baa799",
    "https://deno.land/std@0.165.0/node/internal/hide_stack_frames.ts": "a91962ec84610bc7ec86022c4593cdf688156a5910c07b5bcd71994225c13a03",
    "https://deno.land/std@0.165.0/node/internal/normalize_encoding.mjs": "3779ec8a7adf5d963b0224f9b85d1bc974a2ec2db0e858396b5d3c2c92138a0a",
    "https://deno.land/std@0.165.0/node/internal/primordials.mjs": "7cf5afe471583e4a384eeea109bdff276b6b7f3a3af830f99f951fb7d57ef423",
    "https://deno.land/std@0.165.0/node/internal/util.mjs": "35d24fb775468cd24443bcf0ec68904b8aa44e5b53845491a5e3382421917f9a",
    "https://deno.land/std@0.165.0/node/internal/util/inspect.mjs": "1ddace0c97719d2cc0869ba177d375e96051301352ec235cbfb2ecbfcd4e8fba",
    "https://deno.land/std@0.165.0/node/internal/util/types.ts": "de6e2b7f9b9985ab881b1e78f05ae51d1fc829ae1584063df21e57b35312f3c4",
    "https://deno.land/std@0.165.0/node/internal/validators.mjs": "67deae0f488d013c8bf485742a5478112b8e48837cb2458c4a8b2669cf7017db",
    "https://deno.land/std@0.165.0/node/internal_binding/_libuv_winerror.ts": "801e05c2742ae6cd42a5f0fd555a255a7308a65732551e962e5345f55eedc519",
    "https://deno.land/std@0.165.0/node/internal_binding/_node.ts": "e4075ba8a37aef4eb5b592c8e3807c39cb49ca8653faf8e01a43421938076c1b",
    "https://deno.land/std@0.165.0/node/internal_binding/_utils.ts": "1c50883b5751a9ea1b38951e62ed63bacfdc9d69ea665292edfa28e1b1c5bd94",
    "https://deno.land/std@0.165.0/node/internal_binding/_winerror.ts": "8811d4be66f918c165370b619259c1f35e8c3e458b8539db64c704fbde0a7cd2",
    "https://deno.land/std@0.165.0/node/internal_binding/buffer.ts": "781e1d13adc924864e6e37ecb5152e8a4e994cf394695136e451c47f00bda76c",
    "https://deno.land/std@0.165.0/node/internal_binding/constants.ts": "f4afc504137fb21f3908ab549931604968dfa62432b285a0874f41c4cade9ed2",
    "https://deno.land/std@0.165.0/node/internal_binding/string_decoder.ts": "5cb1863763d1e9b458bc21d6f976f16d9c18b3b3f57eaf0ade120aee38fba227",
    "https://deno.land/std@0.165.0/node/internal_binding/types.ts": "4c26fb74ba2e45de553c15014c916df6789529a93171e450d5afb016b4c765e7",
    "https://deno.land/std@0.165.0/node/internal_binding/util.ts": "faf5146c3cc3b2d6c26026a818b4a16e91488ab26e63c069f36ba3c3ae24c97b",
    "https://deno.land/std@0.165.0/node/internal_binding/uv.ts": "3a63eebe0b69334bab5e9f037aadde1aef59ab21ab0e4cd01ac588d919be2c75",
    "https://deno.land/std@0.168.0/_util/asserts.ts": "d0844e9b62510f89ce1f9878b046f6a57bf88f208a10304aab50efcb48365272",
    "https://deno.land/std@0.168.0/_util/os.ts": "8a33345f74990e627b9dfe2de9b040004b08ea5146c7c9e8fe9a29070d193934",
    "https://deno.land/std@0.168.0/path/_constants.ts": "df1db3ffa6dd6d1252cc9617e5d72165cd2483df90e93833e13580687b6083c3",
    "https://deno.land/std@0.168.0/path/_interface.ts": "ee3b431a336b80cf445441109d089b70d87d5e248f4f90ff906820889ecf8d09",
    "https://deno.land/std@0.168.0/path/_util.ts": "d16be2a16e1204b65f9d0dfc54a9bc472cafe5f4a190b3c8471ec2016ccd1677",
    "https://deno.land/std@0.168.0/path/common.ts": "bee563630abd2d97f99d83c96c2fa0cca7cee103e8cb4e7699ec4d5db7bd2633",
    "https://deno.land/std@0.168.0/path/glob.ts": "81cc6c72be002cd546c7a22d1f263f82f63f37fe0035d9726aa96fc8f6e4afa1",
    "https://deno.land/std@0.168.0/path/mod.ts": "cf7cec7ac11b7048bb66af8ae03513e66595c279c65cfa12bfc07d9599608b78",
    "https://deno.land/std@0.168.0/path/posix.ts": "b859684bc4d80edfd4cad0a82371b50c716330bed51143d6dcdbe59e6278b30c",
    "https://deno.land/std@0.168.0/path/separator.ts": "fe1816cb765a8068afb3e8f13ad272351c85cbc739af56dacfc7d93d710fe0f9",
    "https://deno.land/std@0.168.0/path/win32.ts": "7cebd2bda6657371adc00061a1d23fdd87bcdf64b4843bb148b0b24c11b40f69",
    "https://deno.land/x/cheerio@1.0.7/mod.ts": "3165160f0fe6507408115377a3e55d3cb3095ee1878d5f9b740e84c2d1dc1e0a",
    "https://deno.land/x/cors@v1.2.2/abcCors.ts": "cdf83a7eaa69a1bf3ab910d18b9422217902fac47601adcaf0afac5a61845d48",
    "https://deno.land/x/cors@v1.2.2/attainCors.ts": "7d6aba0f942495cc31119604e0895c9bb8edd8f8baa7fe78e6c655bd0b4cbf59",
    "https://deno.land/x/cors@v1.2.2/cors.ts": "0e2d9167e3685f9bcf48f565e312b6e1883fa458f7337e5ce7bc2e3b29767980",
    "https://deno.land/x/cors@v1.2.2/mithCors.ts": "3a359d6e716e0410ede278ab54d875b293a2d66d838aaa7cfbf9ddc1e9e990d3",
    "https://deno.land/x/cors@v1.2.2/mod.ts": "2b351913f56d77ad80cb3b8633d4539c9eeddb426dae79437ada0e6a9cb4f1a6",
    "https://deno.land/x/cors@v1.2.2/oakCors.ts": "1348dc7673c61b85d2e80559a7b44f8e0246eaa6bcc6ec744fafe5d9b13b5c71",
    "https://deno.land/x/cors@v1.2.2/opineCors.ts": "fb5790115c26b7061d84b8d6c17d258a1e241bcab75b0bc3ca1fdb2e57bc5072",
    "https://deno.land/x/cors@v1.2.2/types.ts": "97546633ccc7f0df7a29bacba5d91dc6f61decdd1b65258300244dba905d34b8",
    "https://deno.land/x/oak@v11.1.0/application.ts": "0a728331822b8e27727ceec48a8499657c3163fc48fd379a8a9578a75f3cdb62",
    "https://deno.land/x/oak@v11.1.0/body.ts": "78402a4936accb80372c4944384658105604352d6783de7ff1e36b8832dd93c9",
    "https://deno.land/x/oak@v11.1.0/buf_reader.ts": "7cf96aa0ac670b75098113cf88a291a68332cc45efa8a9698f064ac5b8098a0f",
    "https://deno.land/x/oak@v11.1.0/content_disposition.ts": "8b8c3cb2fba7138cd5b7f82fc3b5ea39b33db924a824b28261659db7e164621e",
    "https://deno.land/x/oak@v11.1.0/context.ts": "014d1ce40e62a7901411425541b0d5a08018968a330595bd686f8d00222a35bb",
    "https://deno.land/x/oak@v11.1.0/cookies.ts": "d9f94b99f26c6169c6982ce12323c41a548d001bfc28f464264c22dc3dbf2181",
    "https://deno.land/x/oak@v11.1.0/deps.ts": "b897b0f2bec99cd8b402b279b7f21de955d98cbd72835b6c912be5e11c26148b",
    "https://deno.land/x/oak@v11.1.0/etag.ts": "19918f5e1964e3fe6c9fe524a88ffbf9900ce1dfe4146b187b2a86256bb6b663",
    "https://deno.land/x/oak@v11.1.0/headers.ts": "f50fb05614432bda971021633129aa2e8737e0844e0f01c27a937997b4d8dd4f",
    "https://deno.land/x/oak@v11.1.0/helpers.ts": "42212afa07a560b2958359cc19577417e89d9574d6579551a0af36ff7f00cc6e",
    "https://deno.land/x/oak@v11.1.0/http_request.ts": "0831c828816fcb58a5aa8361c6865c4151f4c8b59fabcef2e2cd235bb28170c5",
    "https://deno.land/x/oak@v11.1.0/http_server_flash.ts": "e312754acad26d3d70f243d657547e697921f67f0a2179dbec41a20a3228fd79",
    "https://deno.land/x/oak@v11.1.0/http_server_native.ts": "549dffcd2db5cbb0e44ad50cf9c54956b42a10450b1ac66e1362e32a073c8c1b",
    "https://deno.land/x/oak@v11.1.0/http_server_native_request.ts": "07910ea2ed51af6c4e69addf9015cdd8d2b5c9ee03fd4993e386834a129a9eb6",
    "https://deno.land/x/oak@v11.1.0/isMediaType.ts": "62d638abcf837ece3a8f07a4b7ca59794135cb0d4b73194c7d5837efd4161005",
    "https://deno.land/x/oak@v11.1.0/keyStack.ts": "fa0d5898fb8ba34de1c9cdcf4b2e8434952dc9931671858d33560368784a22ef",
    "https://deno.land/x/oak@v11.1.0/mediaTyper.ts": "042b853fc8e9c3f6c628dd389e03ef481552bf07242efc3f8a1af042102a6105",
    "https://deno.land/x/oak@v11.1.0/middleware.ts": "de14f045a2ddfe845d89b5d3140ff52cbcc6f3b3965391106ce04480f9786737",
    "https://deno.land/x/oak@v11.1.0/middleware/proxy.ts": "b927232f97ec18af4185d7912e45b1191e3ffe24a9c875262ad524211b1274c9",
    "https://deno.land/x/oak@v11.1.0/mod.ts": "de52855c8f626e30ba683fb265c0a0773ba2f5f117b3549b7d9c857edba58338",
    "https://deno.land/x/oak@v11.1.0/multipart.ts": "98fe9f226de8c26a16d067027b69fb1e34ad8c4055767dd157907d06cea36f9a",
    "https://deno.land/x/oak@v11.1.0/range.ts": "68a6df7ab3b868843e33f52deb94c3d4cab25cb9ef369691990c2ac15b04fafb",
    "https://deno.land/x/oak@v11.1.0/request.ts": "5852ad36389b48e0428a6f3c90854d01f10d1b15949b56001e1e75c2a00ef0f9",
    "https://deno.land/x/oak@v11.1.0/response.ts": "867d81f7eb0c65c7b8e0e0e9e145ededd5b6daa9ad922e6adc6a36a525f439a6",
    "https://deno.land/x/oak@v11.1.0/router.ts": "187522a549f6c179ff01d321882a8bfacbfb7f3e24b004ec4534a3613c7f9b0e",
    "https://deno.land/x/oak@v11.1.0/send.ts": "7ef2591792426d62add91536bb434566d4b224247ca343fdd63e486f9d4e9446",
    "https://deno.land/x/oak@v11.1.0/server_sent_event.ts": "948b0fe4cb3fe38c7db15e476eb3b7671ef20e566d130e9f701d7c0146aa47dd",
    "https://deno.land/x/oak@v11.1.0/structured_clone.ts": "ecf42598652b8082f37252cb873d6e257ad728e6fe73c6bd61f343d94501fbde",
    "https://deno.land/x/oak@v11.1.0/testing.ts": "7612656efd2975f7a2e6848609f5971922dbec46b76372c5c623202fdd7b9a85",
    "https://deno.land/x/oak@v11.1.0/types.d.ts": "41951a18c3bfdb11e40707cab75da078ba8a4907cd7d4e11d8536bc2db0dde05",
    "https://deno.land/x/oak@v11.1.0/util.ts": "3af8c4ed04c6cc2bedbe66e562a77fc59c72df31c55a902a63885861ca1639d6",
    "https://deno.land/x/oak_rate_limit@v0.1.1/deps.ts": "63ca6abb419d145a873b08b603cd86763009d46191541c8dede1356c9d769f4b",
    "https://deno.land/x/oak_rate_limit@v0.1.1/mod.ts": "3e7f48260b54c4f22764187e7c8473cd1e5705bcef0d05a4f4a932d4890e61f3",
    "https://deno.land/x/oak_rate_limit@v0.1.1/src/ratelimit.ts": "4b16ef6f74d2f3043142e2f1cfd8ef0102089b4a62ebe3e1b535a74ee1ed85f0",
    "https://deno.land/x/oak_rate_limit@v0.1.1/src/stores/AbstractStore.ts": "29fb349d0af41b157012e59143c3b577ad1a9c08a28335e1f7defa4829c8b20f",
    "https://deno.land/x/oak_rate_limit@v0.1.1/src/stores/MapStore.ts": "56c92a7e72ccfe202f2adb2654dd1254605551b6f047713c069ef97d3fe6886d",
    "https://deno.land/x/oak_rate_limit@v0.1.1/src/stores/mod.ts": "fcb08b9731466d503d078b981298046febabc77e217148d14650f2228dcbcbce",
    "https://deno.land/x/oak_rate_limit@v0.1.1/src/types/types.d.ts": "f695ea6b6c7befecdb19c56813752164a7057cc257a0c71f42eda101c98a59d1",
    "https://deno.land/x/oak_rate_limit@v0.1.1/src/utils/defaults.ts": "d37fd3f54c8bd1d0dcbcb0d376b1d2c4b33d4fe1bba86a166aee63d0152955c6",
    "https://deno.land/x/path_to_regexp@v6.2.1/index.ts": "894060567837bae8fc9c5cbd4d0a05e9024672083d5883b525c031eea940e556",
    "https://deno.land/x/snelm@1.3.0/deps/crossdomain/index.ts": "956c7d9f0fa895f4f02407f7c33ac2dba8dcdc54ca70e448e3a787247f26fe0f",
    "https://deno.land/x/snelm@1.3.0/deps/csp/index.ts": "6435418348ebbc5bd4a1c4d6aa32ff2ca9a54e1b3329a2af3bb2534c33233d46",
    "https://deno.land/x/snelm@1.3.0/deps/csp/lib/bowser/src/bowser.js": "2e203fed7dbdfc59f2b9220e9ff4f9048962ff71fdef70a89df19ce2ce6e69ae",
    "https://deno.land/x/snelm@1.3.0/deps/csp/lib/bowser/src/constants.js": "0b51f9e4726d1d0fdb1f7e440897d0f7ed7d39c34a3c2339beda7fd5124c72ca",
    "https://deno.land/x/snelm@1.3.0/deps/csp/lib/bowser/src/parser-browsers.js": "6d275e88509b3c96728a2a21f52bdb7d614b9b686c07e342bb150614e8647094",
    "https://deno.land/x/snelm@1.3.0/deps/csp/lib/bowser/src/parser-engines.js": "77e92334e4e20d1aa1f3046d571b64df971951b88787184185241d275bec5800",
    "https://deno.land/x/snelm@1.3.0/deps/csp/lib/bowser/src/parser-os.js": "63dcda0051d427892849afb254f506b155a674fa9a4920018b224d28c4873cbb",
    "https://deno.land/x/snelm@1.3.0/deps/csp/lib/bowser/src/parser-platforms.js": "e2e8df75d298368aa8c129638338cd62a00c9c68cc1ee106042152e6c33fa923",
    "https://deno.land/x/snelm@1.3.0/deps/csp/lib/bowser/src/parser.js": "db4e0f1301d3d4b5629a39b252aa67245cbdd06a481606e33731bbe80f5f4543",
    "https://deno.land/x/snelm@1.3.0/deps/csp/lib/bowser/src/utils.js": "7c60acdd26d2d7781b6b2459d2bfb30198d87c7c1ee8d98402520995348c1a24",
    "https://deno.land/x/snelm@1.3.0/deps/csp/lib/camelize/index.js": "2c72a9ee2404ded424fd953ff24f7fb1b7b41750a95622b6b9f43e979b1da87a",
    "https://deno.land/x/snelm@1.3.0/deps/csp/lib/check-options/check-directive/boolean.ts": "9075e9eb6fbd260b9dc5b5e5d612e7c5124f1886f8a3f53021919fa8d97ce069",
    "https://deno.land/x/snelm@1.3.0/deps/csp/lib/check-options/check-directive/index.ts": "e00dcb48f7f05502c6820b4363b4fd05e5284048fda79374c6cf2a0242f63426",
    "https://deno.land/x/snelm@1.3.0/deps/csp/lib/check-options/check-directive/plugin-types.ts": "2d2bddeca3bc78043def670d624870741120488b9c16bf4f3fba6d55b29d5192",
    "https://deno.land/x/snelm@1.3.0/deps/csp/lib/check-options/check-directive/report-uri.ts": "58cb4675211520215fabbe3b526f050762620d76ab60ed686905f8ca005d0d63",
    "https://deno.land/x/snelm@1.3.0/deps/csp/lib/check-options/check-directive/require-sri-for.ts": "10359fd575b6289f91a487c379fe0f1e9105a8d06f805c5ba2974a5389c72158",
    "https://deno.land/x/snelm@1.3.0/deps/csp/lib/check-options/check-directive/sandbox.ts": "c92f00f6e54af5aefe1c825699bacf14ecab83fa9fc7f3c356ab51f6b79556a3",
    "https://deno.land/x/snelm@1.3.0/deps/csp/lib/check-options/check-directive/source-list.ts": "972f8e73cb8e61f26f2abcd70c8c46c9fc926aa270cbe472b02fe945a84dc233",
    "https://deno.land/x/snelm@1.3.0/deps/csp/lib/check-options/dasherize/index.js": "32a9810c8db41d5476598ced9a8200750709d6d037ab3209850c7b7793e6d1f7",
    "https://deno.land/x/snelm@1.3.0/deps/csp/lib/check-options/index.ts": "441f16cd2a62eee70a3d59d5503b9501100f70cec64ad7a5c2cc8feeca5f2d86",
    "https://deno.land/x/snelm@1.3.0/deps/csp/lib/config.ts": "8d1b8033b361a0c61495b158108c2b136f71793a1ced8bb4125ee8956011578e",
    "https://deno.land/x/snelm@1.3.0/deps/csp/lib/contains-function.ts": "58cb3511ca8736f3fec2fe39b4e7d7c0d48c81c7abdd36056b593937b1bf1174",
    "https://deno.land/x/snelm@1.3.0/deps/csp/lib/content-security-policy-builder/index.ts": "24b7d8440a84bd7c1825f4f8ee18720ad0db4d1fb511f6f3cfa34f97678fc7a4",
    "https://deno.land/x/snelm@1.3.0/deps/csp/lib/get-header-keys-for-browser.ts": "dcfc6bcd551d5fb9ffa06c6dfc5a7a06fb2b424fb453f667178d6dada579fc4a",
    "https://deno.land/x/snelm@1.3.0/deps/csp/lib/is-boolean.ts": "22a1ba135837d73e355f7168c3430f177cc8b2714f9fda4d5bb14afac59fbe05",
    "https://deno.land/x/snelm@1.3.0/deps/csp/lib/is-function.ts": "659ebada322b40de013dde23b86288c37d194c8ea79a9585bfe839d7708e0d55",
    "https://deno.land/x/snelm@1.3.0/deps/csp/lib/is-string.ts": "7861cfd0f6f7419cb84eea5da2dc3489cd2c7551aaa634e1f76aab26efc266de",
    "https://deno.land/x/snelm@1.3.0/deps/csp/lib/parse-dynamic-directives.ts": "14233afeb24a01e646314e8ba2a17d5d6104f48117294da84d1791c9e2ee109a",
    "https://deno.land/x/snelm@1.3.0/deps/csp/lib/transform-directives-for-browser.ts": "98cea48873dc6abec66c82c8baf00bce94af3fea61b75e886fe4c06fa8b8206f",
    "https://deno.land/x/snelm@1.3.0/deps/csp/lib/types.ts": "c461999956af128016ca99f11ac3f51fe6c22c928b41e351bff8c935e5d44583",
    "https://deno.land/x/snelm@1.3.0/deps/dns-prefetch-control/index.ts": "765e38d2b1ffb6b41d721328df11576bc121d62822b146bc26036ea34564bf38",
    "https://deno.land/x/snelm@1.3.0/deps/dont-sniff-mimetype/index.ts": "b067bc51bfb6462f019c9363cfe1832976001ce2418ddc08a522fb158433de40",
    "https://deno.land/x/snelm@1.3.0/deps/expect-ct/index.ts": "56969b0d5c8c926313f300650f874fd06fdac627dae0356b6442da8cd825e731",
    "https://deno.land/x/snelm@1.3.0/deps/feature-policy/index.ts": "a5023f2f61878fc9c903384a5f28dfdb8a703b88e61202784b1708064544189b",
    "https://deno.land/x/snelm@1.3.0/deps/frameguard/index.ts": "c5f4f3aa24c515f66872914997bad3a875b952c96f21e6c645a580584badb0db",
    "https://deno.land/x/snelm@1.3.0/deps/hide-powered-by/index.ts": "cdd54a180c6fe86d1f94ba572983b4322e2afa7e84f6ab1b707b1db6f62cf010",
    "https://deno.land/x/snelm@1.3.0/deps/hsts/colors.ts": "3591d9069a4cdc54341a4b8a22cb55dee7e7ded0bf3ef745e93d6f43f2950958",
    "https://deno.land/x/snelm@1.3.0/deps/hsts/index.ts": "d1d96196730b16d29d962a7b35ff559d4a0fbbcd76a8e559a308a1477f5ec40f",
    "https://deno.land/x/snelm@1.3.0/deps/ienoopen/index.ts": "1681957f49e1a9db7b953176220a78c6e34bf2615a846e3c9ee4e1a51455af94",
    "https://deno.land/x/snelm@1.3.0/deps/referrer-policy/index.ts": "ba75537678ad3082dee57e0472092caa3a2eb0347fb71dbe3c970b02657a7094",
    "https://deno.land/x/snelm@1.3.0/deps/x-xss-protection/index.ts": "af367e7929f1b4236e2c09c01faf0bfe74174017dd2c6b72c0689c97fd2d2c77",
    "https://deno.land/x/snelm@1.3.0/frameworks/abc.ts": "22ca2454aacd20c3b3c1eae395eb0a23ebb3f0b006335cb8ab5b98610ffcb47f",
    "https://deno.land/x/snelm@1.3.0/frameworks/alosaur.ts": "2bc0c23742a13976ae443ec2b40f0bc48a2866ede20954a1e91359ccecd3b631",
    "https://deno.land/x/snelm@1.3.0/frameworks/aqua.ts": "f8dafa62166fa1ffd47c7ca9051b19b924ceab06ad7c33141fb1f65c85d7882b",
    "https://deno.land/x/snelm@1.3.0/frameworks/attain.ts": "ae37ecb6c843a2be6e74e699493c4cb17f4ede50d2b31483594ef9f87a298289",
    "https://deno.land/x/snelm@1.3.0/frameworks/interface.ts": "3a29c81b32f12e021584692e2e70c8fa74bdce18d40ba6fe7ab92d5ec2a8699c",
    "https://deno.land/x/snelm@1.3.0/frameworks/oak.ts": "5b5fb65b1f274a1cbc4e01f3cfa92e3e71eea8301b6592593ce9d79b73f0ec3c",
    "https://deno.land/x/snelm@1.3.0/frameworks/pogo.ts": "6ede5a34f2bdf24b3be8c18a10fc2873d48b6c82fb18efd255b8f5ee55c1550b",
    "https://deno.land/x/snelm@1.3.0/mod.ts": "b5059c82f58d0640ca9f5f74535ec79b630bd6ac169a70b964ea8d426b9236be",
    "https://esm.sh/cheerio@1.0.0-rc.12": "8dc1f6506d653c6cb3569f091d8f7fc1ebb055dda48ad213918f86e0d14741e9",
    "https://esm.sh/v99/boolbase@1.0.0/deno/boolbase.js": "c2de9c6051e43e825cebf96303dccc8c84d84db898ee48f19cb64a52df887f31",
    "https://esm.sh/v99/cheerio-select@2.1.0/deno/cheerio-select.js": "c7e3dc8954fb74f6062fd0459c6499f41fac5c1384c261560ccd45ee4ad1511a",
    "https://esm.sh/v99/cheerio-select@2.1.0/lib/index.d.ts": "6de30d94cc278efbc69033c520889102069377e2e280df3b9ea059a22e0ee5dc",
    "https://esm.sh/v99/cheerio@1.0.0-rc.12/deno/cheerio.js": "2d4e8a95ced9ea1a02655488e3dd8c19d8843255d8cbabd219fe27ff8ef124c5",
    "https://esm.sh/v99/cheerio@1.0.0-rc.12/deno/lib/utils.js": "a3e8758f799b11242685538968e03f99fef8978fc0bd4299523c661136f1f0ad",
    "https://esm.sh/v99/cheerio@1.0.0-rc.12/lib/api/attributes.d.ts": "6b9d3d8e7282ccc559378ea952e6d98f6c11dbeb33df5a698a56b17c7c750f34",
    "https://esm.sh/v99/cheerio@1.0.0-rc.12/lib/api/css.d.ts": "4f8fcd497bf8c94f1e9d43f9add33170558c471c12a242d86ade8f252e93523a",
    "https://esm.sh/v99/cheerio@1.0.0-rc.12/lib/api/forms.d.ts": "ef4f7527e44ac3fa77f9be296efb1e4824dba97148b6da1e060c3b0af3cbeb6b",
    "https://esm.sh/v99/cheerio@1.0.0-rc.12/lib/api/manipulation.d.ts": "92b2b41464b0af486c6543edf76a9522fb76878f370874c4421393e438cffef6",
    "https://esm.sh/v99/cheerio@1.0.0-rc.12/lib/api/traversing.d.ts": "91d7ca869d0adf635b6f9a3675d335d6b4beebcd05da0a7134b9114d0e09c51c",
    "https://esm.sh/v99/cheerio@1.0.0-rc.12/lib/cheerio.d.ts": "34cc9c66cf79a20f63ed5e51406e3e25e246667d73110a8207fffdc421a54d79",
    "https://esm.sh/v99/cheerio@1.0.0-rc.12/lib/index.d.ts": "665f96526be3d40e93e2a9e29d3cb7cfb06ed65d9bb5dbffcc4bbf0e2d00fc48",
    "https://esm.sh/v99/cheerio@1.0.0-rc.12/lib/load.d.ts": "f8fdfd4100e8ddd2de4f8bdda5c59a6639bdef9790c1f9d991f5227adb47947f",
    "https://esm.sh/v99/cheerio@1.0.0-rc.12/lib/options.d.ts": "d910af81f1428ff07314213376cc62e99242cd5087f4b1a16d2662f1d85c03c3",
    "https://esm.sh/v99/cheerio@1.0.0-rc.12/lib/static.d.ts": "c424c9453e824d5605b9e2e2047bc99b2fe170fa06e560467950c8c824d1864a",
    "https://esm.sh/v99/cheerio@1.0.0-rc.12/lib/types.d.ts": "fa28f923150a8d21cfe25996137e7cce5293814bbfabc71b2b2d29180c6eafb4",
    "https://esm.sh/v99/css-select@5.1.0/deno/css-select.js": "c02354225bb7320e060930c5590f60a1fdaecdfe050a9d7fe84af857372096fe",
    "https://esm.sh/v99/css-select@5.1.0/lib/index.d.ts": "84cd179e16c4156a2edfcb491eee1aa09ac3e67155b67a2c19d46ba5f77ad80f",
    "https://esm.sh/v99/css-select@5.1.0/lib/pseudo-selectors/aliases.d.ts": "22cfc60f2b8fcaf300f1bcc8f53b97bd9fbefd5da9f298979709ceaa04e26b45",
    "https://esm.sh/v99/css-select@5.1.0/lib/pseudo-selectors/filters.d.ts": "a16a447cc2feb1b687f577635d06eb13d4da54cd822c6a29497ff699b4fce7b8",
    "https://esm.sh/v99/css-select@5.1.0/lib/pseudo-selectors/index.d.ts": "d86b727c9a5ac61c75f0f1d730e85d9dbea3a9aaf9a73ffd49191a537ec98f08",
    "https://esm.sh/v99/css-select@5.1.0/lib/pseudo-selectors/pseudos.d.ts": "731bf4d0a7870ebcc31946f0580f1fcd5950596c58f049aff81a52924715b20a",
    "https://esm.sh/v99/css-select@5.1.0/lib/types.d.ts": "99bc3e5df6094826e9b113e786d43f3ef0977e633340885dbb580b5aab803fd7",
    "https://esm.sh/v99/css-what@6.1.0/deno/css-what.js": "b748f3252b086c97e0acf4dcb786fd65e786d9c269e095a6454bbc9cd64bcfe3",
    "https://esm.sh/v99/css-what@6.1.0/lib/es/index.d.ts": "dd85117592208130bfbcff4bf22b517783bcce8fc8521a5881783d33701e1f8a",
    "https://esm.sh/v99/css-what@6.1.0/lib/es/parse.d.ts": "0f32c1fca455670db2f6fac2b04e5a05b7b73ad2eae781d1fafb64d24dc65c64",
    "https://esm.sh/v99/css-what@6.1.0/lib/es/stringify.d.ts": "ff26d3761151ef55a86489fc64aea60dedbab92e37321a4c7e7fe91785535209",
    "https://esm.sh/v99/css-what@6.1.0/lib/es/types.d.ts": "65e53618d67a1da2db60d5a47ac408e642468faa6b179935d528b9d43a760177",
    "https://esm.sh/v99/dom-serializer@2.0.0/deno/dom-serializer.js": "f89c408de063159478cab3c589cb36761a122c70f9045387bf1a431627c38476",
    "https://esm.sh/v99/dom-serializer@2.0.0/lib/index.d.ts": "7081643359b24f32220ff160704093befc48a43adde3fab766b0b5cb019cdd10",
    "https://esm.sh/v99/domelementtype@2.3.0/deno/domelementtype.js": "2bbc5ada9929825ac019e137ffdb26fcf04e3eaccaf0e8d6786cd1b8bb8b8f63",
    "https://esm.sh/v99/domelementtype@2.3.0/lib/index.d.ts": "e307d69c2e131e39db6038b4bd51916c6cd787e01d730ad0c28c60491d0accf2",
    "https://esm.sh/v99/domhandler@5.0.3/deno/domhandler.js": "3fcacefa0d1a3be598d6d69db02acfd804199a5112ae6665dfd54dba2d50cec5",
    "https://esm.sh/v99/domhandler@5.0.3/lib/index.d.ts": "587a74d5be3d1ff7904170380e0a40e69ca29c3186e88c9f360462a920051348",
    "https://esm.sh/v99/domhandler@5.0.3/lib/node.d.ts": "95ebe02ea559b839eb63bdc12cf744fb0f6b8d324b16058fb8360514f2f3152d",
    "https://esm.sh/v99/domutils@3.0.1/deno/domutils.js": "fa8198d5be17106887e37afd615b546083c27b959c6373a52ea979b9e69764a6",
    "https://esm.sh/v99/domutils@3.0.1/lib/feeds.d.ts": "6a100e067feab949323065964672a614b372b00055f7d08d2f0c7f6f5d499974",
    "https://esm.sh/v99/domutils@3.0.1/lib/helpers.d.ts": "3358d7e6d4051eb14fb522f97360e4b4c831ed4490a6f481f1e1643414361228",
    "https://esm.sh/v99/domutils@3.0.1/lib/index.d.ts": "2a419572a393f4f244b17425554bb1488a69d63a43281c328da38fe8e9901986",
    "https://esm.sh/v99/domutils@3.0.1/lib/legacy.d.ts": "f732b7221d44fad74dcbec51c5dc7acde39aa831e2f58039614fb47166e66d86",
    "https://esm.sh/v99/domutils@3.0.1/lib/manipulation.d.ts": "b8356a0262a782f6c1c4045918354773272d375186bf9e913e22470666c15e5d",
    "https://esm.sh/v99/domutils@3.0.1/lib/querying.d.ts": "b90138a8ee8ce91568da44e05fb52625ad4f604651ce0ab05a2d226ae2ab132b",
    "https://esm.sh/v99/domutils@3.0.1/lib/stringify.d.ts": "d522540a1a095a8d2d1f2a6b08727f0e16b6993fbd5b4297b7a141d69a3ca62f",
    "https://esm.sh/v99/domutils@3.0.1/lib/traversal.d.ts": "c0a4b512ed095f5ae6bf95bc0e2ba3964c93c747d43d48b26d630c90448d5b7c",
    "https://esm.sh/v99/entities@4.4.0/deno/entities.js": "0e86188f8e8e9b3e1b4c204bcaecae393d0f2c9545ddd67cb1c6e41412d93265",
    "https://esm.sh/v99/entities@4.4.0/deno/lib/decode.js": "899639d51d3861f1dae620e9dfa4b8ca1651d34a1c9465dcfd7226dba31c2459",
    "https://esm.sh/v99/entities@4.4.0/deno/lib/escape.js": "3046762ed5a3ccdbb174c5595b1c15d3c0bde7e897130434d0dfca63a1af1aea",
    "https://esm.sh/v99/htmlparser2@8.0.1/deno/htmlparser2.js": "2b06f0ade3330e6016aacaeba471aa33052a0093ae1ed648b018e1d4380949b3",
    "https://esm.sh/v99/htmlparser2@8.0.1/lib/Parser.d.ts": "9055d451e782af8e471d588d05c3d9196a0f5c0f94c61c8f9dca34ba87ab1146",
    "https://esm.sh/v99/htmlparser2@8.0.1/lib/Tokenizer.d.ts": "41787f4904cb436cf92cba22f574829aeb7a527138e1dd228a2084e796c11bb8",
    "https://esm.sh/v99/htmlparser2@8.0.1/lib/index.d.ts": "3f5d2d1871ab9105ce9f1d7cd3fcf886d2c3bb4d4c5e44e91aea2f14248812f2",
    "https://esm.sh/v99/node.ns.d.ts": "0fb081f0cd2150931bd54baa04f31466abd9ca701fd9060d07931402cf8367ba",
    "https://esm.sh/v99/nth-check@2.1.1/deno/nth-check.js": "cb4a0ff01008bf4a1f10d0a71dfeb1943d90a39d2edb07028600072344d49bb1",
    "https://esm.sh/v99/parse5-htmlparser2-tree-adapter@7.0.0/deno/parse5-htmlparser2-tree-adapter.js": "0678e9ae2817bc5916b1cbb20aa339448d568a71ef4effc8edc8bf54c18e5aa1",
    "https://esm.sh/v99/parse5@7.1.1/deno/parse5.js": "e9eb503c731db28739fe68dc52567427e8cd13705f2556d150997992b61b63bd"
  }
}
